
Microsoft Visual Studio Solution File, Format Version 12.00
# Visual Studio Version 17
VisualStudioVersion = 17.0.31903.59
MinimumVisualStudioVersion = 10.0.40219.1
Project("{FAE04EC0-301F-11D3-BF4B-00C04F79EFBC}") = "ProvaPub", "ProvaPub\ProvaPub.csproj", "{5DFE89DE-C939-4C43-AA90-23D9C0BAF18F}"
EndProject
Project("{2150E333-8FDC-42A3-9474-1A3956D46DE8}") = "Test", "Test", "{1BF1CABC-7B88-41D2-93CE-8B9B86C948DE}"
EndProject
Project("{FAE04EC0-301F-11D3-BF4B-00C04F79EFBC}") = "ProvaPub.Tests", "Test\ProvaPub.Tests\ProvaPub.Tests.csproj", "{21B3BE66-89CA-4590-B708-D9F35649A261}"
EndProject
Global
	GlobalSection(SolutionConfigurationPlatforms) = preSolution
		Debug|Any CPU = Debug|Any CPU
		Release|Any CPU = Release|Any CPU
	EndGlobalSection
	GlobalSection(SolutionProperties) = preSolution
		HideSolutionNode = FALSE
	EndGlobalSection
	GlobalSection(ProjectConfigurationPlatforms) = postSolution
		{5DFE89DE-C939-4C43-AA90-23D9C0BAF18F}.Debug|Any CPU.ActiveCfg = Debug|Any CPU
		{5DFE89DE-C939-4C43-AA90-23D9C0BAF18F}.Debug|Any CPU.Build.0 = Debug|Any CPU
		{5DFE89DE-C939-4C43-AA90-23D9C0BAF18F}.Release|Any CPU.ActiveCfg = Release|Any CPU
		{5DFE89DE-C939-4C43-AA90-23D9C0BAF18F}.Release|Any CPU.Build.0 = Release|Any CPU
		{21B3BE66-89CA-4590-B708-D9F35649A261}.Debug|Any CPU.ActiveCfg = Debug|Any CPU
		{21B3BE66-89CA-4590-B708-D9F35649A261}.Debug|Any CPU.Build.0 = Debug|Any CPU
		{21B3BE66-89CA-4590-B708-D9F35649A261}.Release|Any CPU.ActiveCfg = Release|Any CPU
		{21B3BE66-89CA-4590-B708-D9F35649A261}.Release|Any CPU.Build.0 = Release|Any CPU
	EndGlobalSection
	GlobalSection(NestedProjects) = preSolution
		{21B3BE66-89CA-4590-B708-D9F35649A261} = {1BF1CABC-7B88-41D2-93CE-8B9B86C948DE}
	EndGlobalSection
EndGlobal
